{
  "name": "3-zljd",
  "version": "1.0.0",
  "lockfileVersion": 3,
  "requires": true,
  "packages": {
    "": {
      "name": "3-zljd",
      "version": "1.0.0",
      "license": "ISC",
      "dependencies": {
        "@cloudbase/js-sdk": "^2.24.10"
      }
    },
    "node_modules/@cloudbase/adapter-interface": {
      "version": "0.7.1",
      "resolved": "https://registry.npmjs.org/@cloudbase/adapter-interface/-/adapter-interface-0.7.1.tgz",
      "integrity": "sha512-BjHTAvIMSLxbp26SeT6qLiSSBygz3kAVno/PMwwBwjgzVkVUvuZGVcvf1mhHxY/BjdRGLrd6X60OgvymV/aAUw==",
      "license": "ISC"
    },
    "node_modules/@cloudbase/adapter-wx_mp": {
      "version": "1.2.1",
      "resolved": "https://registry.npmjs.org/@cloudbase/adapter-wx_mp/-/adapter-wx_mp-1.2.1.tgz",
      "integrity": "sha512-Ner/G4Dztw8xzVdPxWrK7+V2T3XeiPosBJPA/Ek/HNBGI3QvJ9guiWK0qT0d1Fyy8VphZMA0lRC+BJvVeBFAng==",
      "license": "ISC",
      "dependencies": {
        "@cloudbase/adapter-interface": "^0.7.1",
        "web-streams-polyfill": "^4.0.0"
      }
    },
    "node_modules/@cloudbase/ai": {
      "version": "2.24.10",
      "resolved": "https://registry.npmjs.org/@cloudbase/ai/-/ai-2.24.10.tgz",
      "integrity": "sha512-bNKpZZFVmjyH2AQTpzwEmx9OevHjUyAJNArxGRPRL97aS2Fb/3sHLRclzfC4iVMII/KBGwSkgO/WUq+FQYW3wg==",
      "license": "Apache-2.0",
      "dependencies": {
        "@cloudbase/types": "2.24.10",
        "@cloudbase/utilities": "2.24.10",
        "@mattiasbuelens/web-streams-adapter": "^0.1.0",
        "text-encoding-shim": "^1.0.5",
        "web-streams-polyfill": "^4.0.0"
      }
    },
    "node_modules/@cloudbase/analytics": {
      "version": "2.24.10",
      "resolved": "https://registry.npmjs.org/@cloudbase/analytics/-/analytics-2.24.10.tgz",
      "integrity": "sha512-U/c6vOs7zUZTyh9X6hvPCYMFd/GolTbop9virJgrP77Il9h9xSUeOzoCJm8ZZzY4OCZ7cCpBaCF67prC30AAjw==",
      "license": "Apache-2.0",
      "dependencies": {
        "@cloudbase/types": "2.24.10",
        "@cloudbase/utilities": "2.24.10"
      }
    },
    "node_modules/@cloudbase/apis": {
      "version": "2.24.10",
      "resolved": "https://registry.npmjs.org/@cloudbase/apis/-/apis-2.24.10.tgz",
      "integrity": "sha512-Q1fSevkk9MSfELO+HYtWrF3H/GAFX9oYAHXjDBsDAs+z7yRPKuvJFz06vEvgORCYLYEErCu18Jc9iu+pWfdhSg==",
      "license": "Apache-2.0",
      "dependencies": {
        "@cloudbase/types": "2.24.10",
        "@cloudbase/utilities": "2.24.10"
      }
    },
    "node_modules/@cloudbase/app": {
      "version": "2.24.10",
      "resolved": "https://registry.npmjs.org/@cloudbase/app/-/app-2.24.10.tgz",
      "integrity": "sha512-H1SNBy1fCgB/GHrAE2TNAyWLGJXKg8bkNqagOwzgHx7MYAc1SU69BpOj/A363Hm44OkmEweyqX9CxhWE1ngvEw==",
      "license": "Apache-2.0",
      "dependencies": {
        "@cloudbase/adapter-interface": "^0.7.1",
        "@cloudbase/adapter-wx_mp": "^1.2.1",
        "@cloudbase/types": "2.24.10",
        "@cloudbase/utilities": "2.24.10"
      }
    },
    "node_modules/@cloudbase/auth": {
      "version": "2.24.10",
      "resolved": "https://registry.npmjs.org/@cloudbase/auth/-/auth-2.24.10.tgz",
      "integrity": "sha512-F4afgS3grau2Jd5GU5OMNnZAb5fawoj3E0IPkqq2/JLygJ4clITR0liHPTO5V3miOEwrtOv/sPA/l4ay2BVFgQ==",
      "license": "Apache-2.0",
      "dependencies": {
        "@cloudbase/adapter-wx_mp": "^1.2.1",
        "@cloudbase/oauth": "2.24.10",
        "@cloudbase/utilities": "2.24.10"
      }
    },
    "node_modules/@cloudbase/cloudrun": {
      "version": "2.24.10",
      "resolved": "https://registry.npmjs.org/@cloudbase/cloudrun/-/cloudrun-2.24.10.tgz",
      "integrity": "sha512-PN+9BtUuYDbbG+MGMBEQekmU8+lk5f+2qjKJqC4YqOfh895pfBYo8+3fBbBrL/On0/kgwWNh2XIPkJHiG0m8Nw==",
      "license": "Apache-2.0",
      "dependencies": {
        "@cloudbase/adapter-interface": "^0.7.1",
        "@cloudbase/types": "2.24.10",
        "@cloudbase/utilities": "2.24.10"
      }
    },
    "node_modules/@cloudbase/database": {
      "version": "0.10.0",
      "resolved": "https://registry.npmjs.org/@cloudbase/database/-/database-0.10.0.tgz",
      "integrity": "sha512-xWe+XSNxz/ziue3L3/LrlA3rpJJGU60AHHHjimAEeeReHZAXIVMYg6xEuDbbO3nQjVDOxDrVdq62p8L5s3IqRQ==",
      "license": "ISC",
      "dependencies": {
        "bson": "^4.0.2"
      }
    },
    "node_modules/@cloudbase/functions": {
      "version": "2.24.10",
      "resolved": "https://registry.npmjs.org/@cloudbase/functions/-/functions-2.24.10.tgz",
      "integrity": "sha512-AJNnZMe+ftdo7Xgj5tQmeRJE8ZJJrRRk1niJzXiTjeScjHfBQTm0khiHd2SLJCxruzwBe4YeQSH9+hkIEgP6bg==",
      "license": "Apache-2.0",
      "dependencies": {
        "@cloudbase/adapter-interface": "^0.7.1",
        "@cloudbase/cloudrun": "2.24.10",
        "@cloudbase/types": "2.24.10",
        "@cloudbase/utilities": "2.24.10"
      }
    },
    "node_modules/@cloudbase/js-sdk": {
      "version": "2.24.10",
      "resolved": "https://registry.npmjs.org/@cloudbase/js-sdk/-/js-sdk-2.24.10.tgz",
      "integrity": "sha512-KqQmerdeu6Qodna12ffMgdYxUsPV7SQNCDvrXqppJ4+K/TWchx09KxvEagRzT6affjHK8VwgqOhcFD6d1F9GCQ==",
      "license": "Apache-2.0",
      "dependencies": {
        "@cloudbase/adapter-interface": "^0.7.1",
        "@cloudbase/ai": "2.24.10",
        "@cloudbase/analytics": "2.24.10",
        "@cloudbase/apis": "2.24.10",
        "@cloudbase/app": "2.24.10",
        "@cloudbase/auth": "2.24.10",
        "@cloudbase/cloudrun": "2.24.10",
        "@cloudbase/database": "0.10.0",
        "@cloudbase/functions": "2.24.10",
        "@cloudbase/model": "2.24.10",
        "@cloudbase/mysql": "2.24.10",
        "@cloudbase/realtime": "2.24.10",
        "@cloudbase/storage": "2.24.10",
        "@cloudbase/types": "2.24.10",
        "@cloudbase/utilities": "2.24.10"
      }
    },
    "node_modules/@cloudbase/model": {
      "version": "2.24.10",
      "resolved": "https://registry.npmjs.org/@cloudbase/model/-/model-2.24.10.tgz",
      "integrity": "sha512-47srXXnjdkS3KS9uPCfG2+cddw+Bp3BbCarGWB+i2zGD/1cmOfy5OpwoJ2yHR8ubXj10Hb21aoF/kMcgxaZh3Q==",
      "license": "Apache-2.0",
      "dependencies": {
        "@cloudbase/types": "2.24.10",
        "@cloudbase/utilities": "2.24.10",
        "@cloudbase/wx-cloud-client-sdk": "^1.5.0"
      }
    },
    "node_modules/@cloudbase/mysql": {
      "version": "2.24.10",
      "resolved": "https://registry.npmjs.org/@cloudbase/mysql/-/mysql-2.24.10.tgz",
      "integrity": "sha512-NPWA2bG6AMqA3kE+2E3JMkSRbfSNtJMfHHCclA5lrmGiPyIjPxCVS159c6CFcCeCJmDZOspwg7ZfNN4u8Z+7Kg==",
      "license": "Apache-2.0",
      "dependencies": {
        "@cloudbase/types": "2.20.3",
        "@cloudbase/utilities": "2.20.3",
        "@cloudbase/wx-cloud-client-sdk": "^1.7.1"
      }
    },
    "node_modules/@cloudbase/mysql/node_modules/@cloudbase/types": {
      "version": "2.20.3",
      "resolved": "https://registry.npmjs.org/@cloudbase/types/-/types-2.20.3.tgz",
      "integrity": "sha512-oBFj5hJ4eFc32OoOiE8UopL5lDacZReg56yNlbPGhoRLGbNe2Wk4QV+VeIo2n/TtVzo6Ctb7hQGmJ+peECIiuQ==",
      "license": "Apache-2.0",
      "dependencies": {
        "@cloudbase/adapter-interface": "^0.7.1"
      }
    },
    "node_modules/@cloudbase/mysql/node_modules/@cloudbase/utilities": {
      "version": "2.20.3",
      "resolved": "https://registry.npmjs.org/@cloudbase/utilities/-/utilities-2.20.3.tgz",
      "integrity": "sha512-SjRok91CfqiEHk1Mjzc9uW61CewssW3c8pjs+EPHb2et/C764W5mt3Gr2SP5yEw23X1HS50uNHXfWZu7ZbG4AQ==",
      "license": "Apache-2.0",
      "dependencies": {
        "@cloudbase/adapter-interface": "^0.7.1",
        "@cloudbase/types": "2.20.3",
        "jwt-decode": "^3.1.2"
      }
    },
    "node_modules/@cloudbase/oauth": {
      "version": "2.24.10",
      "resolved": "https://registry.npmjs.org/@cloudbase/oauth/-/oauth-2.24.10.tgz",
      "integrity": "sha512-KKJXWPfiOqQEoJrAG9hsbmnXd8TnYXQIn+g6OWZkystY1gCSoDug86bb2xA2fZ7s9bbcjyx4xm/+wyv0UpMo2Q==",
      "license": "Apache-2.0",
      "dependencies": {
        "@cloudbase/utilities": "2.24.10"
      }
    },
    "node_modules/@cloudbase/realtime": {
      "version": "2.24.10",
      "resolved": "https://registry.npmjs.org/@cloudbase/realtime/-/realtime-2.24.10.tgz",
      "integrity": "sha512-kfmQI/EQVPJX7jp2paO3nlQN+sHAtxPvg/GhAnMb3/NW2lyRYaxlwkO+cvIf159V9TpVocDW1KGze6sKk/t4hg==",
      "license": "Apache-2.0",
      "dependencies": {
        "@cloudbase/types": "2.24.10",
        "lodash": "^4.17.21"
      }
    },
    "node_modules/@cloudbase/storage": {
      "version": "2.24.10",
      "resolved": "https://registry.npmjs.org/@cloudbase/storage/-/storage-2.24.10.tgz",
      "integrity": "sha512-LFfzjcPLPhJNP3O+TUBUgk6QxVy7x/3pOw2gzBYaydMe7vuSnO6JnQOO6TgGjAMMbY+TygRMCzK9oHBPSaNEFg==",
      "license": "Apache-2.0",
      "dependencies": {
        "@cloudbase/types": "2.24.10",
        "@cloudbase/utilities": "2.24.10"
      }
    },
    "node_modules/@cloudbase/types": {
      "version": "2.24.10",
      "resolved": "https://registry.npmjs.org/@cloudbase/types/-/types-2.24.10.tgz",
      "integrity": "sha512-KLB++YUCeFouvKxkmKPT61wxKeJ5pawwzxndFq0fB0d2r3T8u97MzI9LFXmNGj/l4hSd/5JAZDtJZHV2SKGclA==",
      "license": "Apache-2.0",
      "dependencies": {
        "@cloudbase/adapter-interface": "^0.7.1"
      }
    },
    "node_modules/@cloudbase/utilities": {
      "version": "2.24.10",
      "resolved": "https://registry.npmjs.org/@cloudbase/utilities/-/utilities-2.24.10.tgz",
      "integrity": "sha512-9z42DH2Nz/QD8th0hj52iF2yZj/D6aZUIkNstVKMbwPTCZlDUmGnQqZC0NlBu0B91L68LV2YWfaQvJ8e821aBw==",
      "license": "Apache-2.0",
      "dependencies": {
        "@cloudbase/adapter-interface": "^0.7.1",
        "@cloudbase/types": "2.24.10",
        "jwt-decode": "^3.1.2"
      }
    },
    "node_modules/@cloudbase/wx-cloud-client-sdk": {
      "version": "1.7.2",
      "resolved": "https://registry.npmjs.org/@cloudbase/wx-cloud-client-sdk/-/wx-cloud-client-sdk-1.7.2.tgz",
      "integrity": "sha512-DZuNueSsz1m5JXafiN9P48TeyN4JreH9FEUfUZyHAaf9ebumCrLTWRuTznsGk6j0pRpIbmMAaEF0OVDlCiuFIg==",
      "dependencies": {
        "core-js-pure": "^3.45.0"
      }
    },
    "node_modules/@mattiasbuelens/web-streams-adapter": {
      "version": "0.1.0",
      "resolved": "https://registry.npmjs.org/@mattiasbuelens/web-streams-adapter/-/web-streams-adapter-0.1.0.tgz",
      "integrity": "sha512-oV4PyZfwJNtmFWhvlJLqYIX1Nn22ML8FZpS16ZUKv0hg7414xV1fjsGqxQzLT2dyK92TKxsJSwMOd7VNHAtPmA==",
      "license": "MIT",
      "engines": {
        "node": ">= 12"
      }
    },
    "node_modules/base64-js": {
      "version": "1.5.1",
      "resolved": "https://registry.npmjs.org/base64-js/-/base64-js-1.5.1.tgz",
      "integrity": "sha512-AKpaYlHn8t4SVbOHCy+b5+KKgvR4vrsD8vbvrbiQJps7fKDTkjkDry6ji0rUJjC0kzbNePLwzxq8iypo41qeWA==",
      "funding": [
        {
          "type": "github",
          "url": "https://github.com/sponsors/feross"
        },
        {
          "type": "patreon",
          "url": "https://www.patreon.com/feross"
        },
        {
          "type": "consulting",
          "url": "https://feross.org/support"
        }
      ],
      "license": "MIT"
    },
    "node_modules/bson": {
      "version": "4.7.2",
      "resolved": "https://registry.npmjs.org/bson/-/bson-4.7.2.tgz",
      "integrity": "sha512-Ry9wCtIZ5kGqkJoi6aD8KjxFZEx78guTQDnpXWiNthsxzrxAK/i8E6pCHAIZTbaEFWcOCvbecMukfK7XUvyLpQ==",
      "license": "Apache-2.0",
      "dependencies": {
        "buffer": "^5.6.0"
      },
      "engines": {
        "node": ">=6.9.0"
      }
    },
    "node_modules/buffer": {
      "version": "5.7.1",
      "resolved": "https://registry.npmjs.org/buffer/-/buffer-5.7.1.tgz",
      "integrity": "sha512-EHcyIPBQ4BSGlvjB16k5KgAJ27CIsHY/2JBmCRReo48y9rQ3MaUzWX3KVlBa4U7MyX02HdVj0K7C3WaB3ju7FQ==",
      "funding": [
        {
          "type": "github",
          "url": "https://github.com/sponsors/feross"
        },
        {
          "type": "patreon",
          "url": "https://www.patreon.com/feross"
        },
        {
          "type": "consulting",
          "url": "https://feross.org/support"
        }
      ],
      "license": "MIT",
      "dependencies": {
        "base64-js": "^1.3.1",
        "ieee754": "^1.1.13"
      }
    },
    "node_modules/core-js-pure": {
      "version": "3.47.0",
      "resolved": "https://registry.npmjs.org/core-js-pure/-/core-js-pure-3.47.0.tgz",
      "integrity": "sha512-BcxeDbzUrRnXGYIVAGFtcGQVNpFcUhVjr6W7F8XktvQW2iJP9e66GP6xdKotCRFlrxBvNIBrhwKteRXqMV86Nw==",
      "hasInstallScript": true,
      "license": "MIT",
      "funding": {
        "type": "opencollective",
        "url": "https://opencollective.com/core-js"
      }
    },
    "node_modules/ieee754": {
      "version": "1.2.1",
      "resolved": "https://registry.npmjs.org/ieee754/-/ieee754-1.2.1.tgz",
      "integrity": "sha512-dcyqhDvX1C46lXZcVqCpK+FtMRQVdIMN6/Df5js2zouUsqG7I6sFxitIC+7KYK29KdXOLHdu9zL4sFnoVQnqaA==",
      "funding": [
        {
          "type": "github",
          "url": "https://github.com/sponsors/feross"
        },
        {
          "type": "patreon",
          "url": "https://www.patreon.com/feross"
        },
        {
          "type": "consulting",
          "url": "https://feross.org/support"
        }
      ],
      "license": "BSD-3-Clause"
    },
    "node_modules/jwt-decode": {
      "version": "3.1.2",
      "resolved": "https://registry.npmjs.org/jwt-decode/-/jwt-decode-3.1.2.tgz",
      "integrity": "sha512-UfpWE/VZn0iP50d8cz9NrZLM9lSWhcJ+0Gt/nm4by88UL+J1SiKN8/5dkjMmbEzwL2CAe+67GsegCbIKtbp75A==",
      "license": "MIT"
    },
    "node_modules/lodash": {
      "version": "4.17.21",
      "resolved": "https://registry.npmjs.org/lodash/-/lodash-4.17.21.tgz",
      "integrity": "sha512-v2kDEe57lecTulaDIuNTPy3Ry4gLGJ6Z1O3vE1krgXZNrsQ+LFTGHVxVjcXPs17LhbZVGedAJv8XZ1tvj5FvSg==",
      "license": "MIT"
    },
    "node_modules/text-encoding-shim": {
      "version": "1.0.5",
      "resolved": "https://registry.npmjs.org/text-encoding-shim/-/text-encoding-shim-1.0.5.tgz",
      "integrity": "sha512-H7yYW+jRn4yhu60ygZ2f/eMhXPITRt4QSUTKzLm+eCaDsdX8avmgWpmtmHAzesjBVUTAypz9odu5RKUjX5HNYA==",
      "license": "MIT"
    },
    "node_modules/web-streams-polyfill": {
      "version": "4.2.0",
      "resolved": "https://registry.npmjs.org/web-streams-polyfill/-/web-streams-polyfill-4.2.0.tgz",
      "integrity": "sha512-0rYDzGOh9EZpig92umN5g5D/9A1Kff7k0/mzPSSCY8jEQeYkgRMoY7LhbXtUCWzLCMX0TUE9aoHkjFNB7D9pfA==",
      "license": "MIT",
      "workspaces": [
        "test/benchmark-test",
        "test/rollup-test",
        "test/webpack-test"
      ],
      "engines": {
        "node": ">= 8"
      }
    }
  }
}
